
Microsoft Visual Studio Solution File, Format Version 12.00
# Visual Studio 15
VisualStudioVersion = 15.0.27130.2027
MinimumVisualStudioVersion = 10.0.40219.1
Project("{9A19103F-16F7-4668-BE54-9A1E7A4F7556}") = "Sender.Client", "RabbitMQ\Sender.Client.csproj", "{081824E0-BE2F-4D34-8797-D854B296539E}"
EndProject
Project("{9A19103F-16F7-4668-BE54-9A1E7A4F7556}") = "Messenger.Lib", "Messenger.Client\Messenger.Lib.csproj", "{C32E44D5-96C6-45AC-B034-EB5E95019959}"
EndProject
Project("{9A19103F-16F7-4668-BE54-9A1E7A4F7556}") = "Subscriber.Client", "Subscriber.Client\Subscriber.Client.csproj", "{9DE139AB-0814-44E3-BE02-F92478DE558C}"
EndProject
Project("{FAE04EC0-301F-11D3-BF4B-00C04F79EFBC}") = "Messenger.Lib.Tests", "Messenger.Lib.Tests\Messenger.Lib.Tests.csproj", "{DEC3A481-F1B4-4CEF-A909-8B393AF5B6BB}"
EndProject
Global
	GlobalSection(SolutionConfigurationPlatforms) = preSolution
		Debug|Any CPU = Debug|Any CPU
		Release|Any CPU = Release|Any CPU
	EndGlobalSection
	GlobalSection(ProjectConfigurationPlatforms) = postSolution
		{081824E0-BE2F-4D34-8797-D854B296539E}.Debug|Any CPU.ActiveCfg = Debug|Any CPU
		{081824E0-BE2F-4D34-8797-D854B296539E}.Debug|Any CPU.Build.0 = Debug|Any CPU
		{081824E0-BE2F-4D34-8797-D854B296539E}.Release|Any CPU.ActiveCfg = Release|Any CPU
		{081824E0-BE2F-4D34-8797-D854B296539E}.Release|Any CPU.Build.0 = Release|Any CPU
		{C32E44D5-96C6-45AC-B034-EB5E95019959}.Debug|Any CPU.ActiveCfg = Debug|Any CPU
		{C32E44D5-96C6-45AC-B034-EB5E95019959}.Debug|Any CPU.Build.0 = Debug|Any CPU
		{C32E44D5-96C6-45AC-B034-EB5E95019959}.Release|Any CPU.ActiveCfg = Release|Any CPU
		{C32E44D5-96C6-45AC-B034-EB5E95019959}.Release|Any CPU.Build.0 = Release|Any CPU
		{9DE139AB-0814-44E3-BE02-F92478DE558C}.Debug|Any CPU.ActiveCfg = Debug|Any CPU
		{9DE139AB-0814-44E3-BE02-F92478DE558C}.Debug|Any CPU.Build.0 = Debug|Any CPU
		{9DE139AB-0814-44E3-BE02-F92478DE558C}.Release|Any CPU.ActiveCfg = Release|Any CPU
		{9DE139AB-0814-44E3-BE02-F92478DE558C}.Release|Any CPU.Build.0 = Release|Any CPU
		{DEC3A481-F1B4-4CEF-A909-8B393AF5B6BB}.Debug|Any CPU.ActiveCfg = Debug|Any CPU
		{DEC3A481-F1B4-4CEF-A909-8B393AF5B6BB}.Debug|Any CPU.Build.0 = Debug|Any CPU
		{DEC3A481-F1B4-4CEF-A909-8B393AF5B6BB}.Release|Any CPU.ActiveCfg = Release|Any CPU
		{DEC3A481-F1B4-4CEF-A909-8B393AF5B6BB}.Release|Any CPU.Build.0 = Release|Any CPU
	EndGlobalSection
	GlobalSection(SolutionProperties) = preSolution
		HideSolutionNode = FALSE
	EndGlobalSection
	GlobalSection(ExtensibilityGlobals) = postSolution
		SolutionGuid = {82E75B5D-2176-43E0-A250-5903FA1ED871}
	EndGlobalSection
EndGlobal
